// !$*UTF8*$!
{
	archiveVersion = 1;
	classes = {
	};
	objectVersion = 50;
	objects = {

/* Begin PBXBuildFile section */
		15286AB22148E3A5008AE212 /* AppDelegate.m in Sources */ = {isa = PBXBuildFile; fileRef = 15286AB12148E3A5008AE212 /* AppDelegate.m */; };
		15286AB52148E3A5008AE212 /* ViewController.m in Sources */ = {isa = PBXBuildFile; fileRef = 15286AB42148E3A5008AE212 /* ViewController.m */; };
		15286AB82148E3A5008AE212 /* Main.storyboard in Resources */ = {isa = PBXBuildFile; fileRef = 15286AB62148E3A5008AE212 /* Main.storyboard */; };
		15286ABB2148E3A5008AE212 /* GitTest.xcdatamodeld in Sources */ = {isa = PBXBuildFile; fileRef = 15286AB92148E3A5008AE212 /* GitTest.xcdatamodeld */; };
		15286ABD2148E3A6008AE212 /* Assets.xcassets in Resources */ = {isa = PBXBuildFile; fileRef = 15286ABC2148E3A6008AE212 /* Assets.xcassets */; };
		15286AC02148E3A6008AE212 /* LaunchScreen.storyboard in Resources */ = {isa = PBXBuildFile; fileRef = 15286ABE2148E3A6008AE212 /* LaunchScreen.storyboard */; };
		15286AC32148E3A6008AE212 /* main.m in Sources */ = {isa = PBXBuildFile; fileRef = 15286AC22148E3A6008AE212 /* main.m */; };
		15286ACD2148E3A6008AE212 /* GitTestTests.m in Sources */ = {isa = PBXBuildFile; fileRef = 15286ACC2148E3A6008AE212 /* GitTestTests.m */; };
		15286AD82148E3A6008AE212 /* GitTestUITests.m in Sources */ = {isa = PBXBuildFile; fileRef = 15286AD72148E3A6008AE212 /* GitTestUITests.m */; };
		15286AE72148E500008AE212 /* testViewController.m in Sources */ = {isa = PBXBuildFile; fileRef = 15286AE62148E500008AE212 /* testViewController.m */; };
		15286AEE2148EA48008AE212 /* NSString+AES128.m in Sources */ = {isa = PBXBuildFile; fileRef = 15286AE92148EA48008AE212 /* NSString+AES128.m */; };
		15286AEF2148EA48008AE212 /* README.md in Resources */ = {isa = PBXBuildFile; fileRef = 15286AEB2148EA48008AE212 /* README.md */; };
		15286AF02148EA48008AE212 /* NSData+AES128.m in Sources */ = {isa = PBXBuildFile; fileRef = 15286AED2148EA48008AE212 /* NSData+AES128.m */; };
/* End PBXBuildFile section */

/* Begin PBXContainerItemProxy section */
		15286AC92148E3A6008AE212 /* PBXContainerItemProxy */ = {
			isa = PBXContainerItemProxy;
			containerPortal = 15286AA52148E3A5008AE212 /* Project object */;
			proxyType = 1;
			remoteGlobalIDString = 15286AAC2148E3A5008AE212;
			remoteInfo = GitTest;
		};
		15286AD42148E3A6008AE212 /* PBXContainerItemProxy */ = {
			isa = PBXContainerItemProxy;
			containerPortal = 15286AA52148E3A5008AE212 /* Project object */;
			proxyType = 1;
			remoteGlobalIDString = 15286AAC2148E3A5008AE212;
			remoteInfo = GitTest;
		};
/* End PBXContainerItemProxy section */

/* Begin PBXFileReference section */
		15286AAD2148E3A5008AE212 /* GitTest.app */ = {isa = PBXFileReference; explicitFileType = wrapper.application; includeInIndex = 0; path = GitTest.app; sourceTree = BUILT_PRODUCTS_DIR; };
		15286AB02148E3A5008AE212 /* AppDelegate.h */ = {isa = PBXFileReference; lastKnownFileType = sourcecode.c.h; path = AppDelegate.h; sourceTree = "<group>"; };
		15286AB12148E3A5008AE212 /* AppDelegate.m */ = {isa = PBXFileReference; lastKnownFileType = sourcecode.c.objc; path = AppDelegate.m; sourceTree = "<group>"; };
		15286AB32148E3A5008AE212 /* ViewController.h */ = {isa = PBXFileReference; lastKnownFileType = sourcecode.c.h; path = ViewController.h; sourceTree = "<group>"; };
		15286AB42148E3A5008AE212 /* ViewController.m */ = {isa = PBXFileReference; lastKnownFileType = sourcecode.c.objc; path = ViewController.m; sourceTree = "<group>"; };
		15286AB72148E3A5008AE212 /* Base */ = {isa = PBXFileReference; lastKnownFileType = file.storyboard; name = Base; path = Base.lproj/Main.storyboard; sourceTree = "<group>"; };
		15286ABA2148E3A5008AE212 /* GitTest.xcdatamodel */ = {isa = PBXFileReference; lastKnownFileType = wrapper.xcdatamodel; path = GitTest.xcdatamodel; sourceTree = "<group>"; };
		15286ABC2148E3A6008AE212 /* Assets.xcassets */ = {isa = PBXFileReference; lastKnownFileType = folder.assetcatalog; path = Assets.xcassets; sourceTree = "<group>"; };
		15286ABF2148E3A6008AE212 /* Base */ = {isa = PBXFileReference; lastKnownFileType = file.storyboard; name = Base; path = Base.lproj/LaunchScreen.storyboard; sourceTree = "<group>"; };
		15286AC12148E3A6008AE212 /* Info.plist */ = {isa = PBXFileReference; lastKnownFileType = text.plist.xml; path = Info.plist; sourceTree = "<group>"; };
		15286AC22148E3A6008AE212 /* main.m */ = {isa = PBXFileReference; lastKnownFileType = sourcecode.c.objc; path = main.m; sourceTree = "<group>"; };
		15286AC82148E3A6008AE212 /* GitTestTests.xctest */ = {isa = PBXFileReference; explicitFileType = wrapper.cfbundle; includeInIndex = 0; path = GitTestTests.xctest; sourceTree = BUILT_PRODUCTS_DIR; };
		15286ACC2148E3A6008AE212 /* GitTestTests.m */ = {isa = PBXFileReference; lastKnownFileType = sourcecode.c.objc; path = GitTestTests.m; sourceTree = "<group>"; };
		15286ACE2148E3A6008AE212 /* Info.plist */ = {isa = PBXFileReference; lastKnownFileType = text.plist.xml; path = Info.plist; sourceTree = "<group>"; };
		15286AD32148E3A6008AE212 /* GitTestUITests.xctest */ = {isa = PBXFileReference; explicitFileType = wrapper.cfbundle; includeInIndex = 0; path = GitTestUITests.xctest; sourceTree = BUILT_PRODUCTS_DIR; };
		15286AD72148E3A6008AE212 /* GitTestUITests.m */ = {isa = PBXFileReference; lastKnownFileType = sourcecode.c.objc; path = GitTestUITests.m; sourceTree = "<group>"; };
		15286AD92148E3A6008AE212 /* Info.plist */ = {isa = PBXFileReference; lastKnownFileType = text.plist.xml; path = Info.plist; sourceTree = "<group>"; };
		15286AE52148E500008AE212 /* testViewController.h */ = {isa = PBXFileReference; lastKnownFileType = sourcecode.c.h; path = testViewController.h; sourceTree = "<group>"; };
		15286AE62148E500008AE212 /* testViewController.m */ = {isa = PBXFileReference; lastKnownFileType = sourcecode.c.objc; path = testViewController.m; sourceTree = "<group>"; };
		15286AE92148EA48008AE212 /* NSString+AES128.m */ = {isa = PBXFileReference; fileEncoding = 4; lastKnownFileType = sourcecode.c.objc; path = "NSString+AES128.m"; sourceTree = "<group>"; };
		15286AEA2148EA48008AE212 /* NSData+AES128.h */ = {isa = PBXFileReference; fileEncoding = 4; lastKnownFileType = sourcecode.c.h; path = "NSData+AES128.h"; sourceTree = "<group>"; };
		15286AEB2148EA48008AE212 /* README.md */ = {isa = PBXFileReference; fileEncoding = 4; lastKnownFileType = net.daringfireball.markdown; path = README.md; sourceTree = "<group>"; };
		15286AEC2148EA48008AE212 /* NSString+AES128.h */ = {isa = PBXFileReference; fileEncoding = 4; lastKnownFileType = sourcecode.c.h; path = "NSString+AES128.h"; sourceTree = "<group>"; };
		15286AED2148EA48008AE212 /* NSData+AES128.m */ = {isa = PBXFileReference; fileEncoding = 4; lastKnownFileType = sourcecode.c.objc; path = "NSData+AES128.m"; sourceTree = "<group>"; };
/* End PBXFileReference section */

/* Begin PBXFrameworksBuildPhase section */
		15286AAA2148E3A5008AE212 /* Frameworks */ = {
			isa = PBXFrameworksBuildPhase;
			buildActionMask = 2147483647;
			files = (
			);
			runOnlyForDeploymentPostprocessing = 0;
		};
		15286AC52148E3A6008AE212 /* Frameworks */ = {
			isa = PBXFrameworksBuildPhase;
			buildActionMask = 2147483647;
			files = (
			);
			runOnlyForDeploymentPostprocessing = 0;
		};
		15286AD02148E3A6008AE212 /* Frameworks */ = {
			isa = PBXFrameworksBuildPhase;
			buildActionMask = 2147483647;
			files = (
			);
			runOnlyForDeploymentPostprocessing = 0;
		};
/* End PBXFrameworksBuildPhase section */

/* Begin PBXGroup section */
		15286AA42148E3A5008AE212 = {
			isa = PBXGroup;
			children = (
				15286AE82148EA48008AE212 /* AES */,
				15286AAF2148E3A5008AE212 /* GitTest */,
				15286ACB2148E3A6008AE212 /* GitTestTests */,
				15286AD62148E3A6008AE212 /* GitTestUITests */,
				15286AAE2148E3A5008AE212 /* Products */,
			);
			sourceTree = "<group>";
		};
		15286AAE2148E3A5008AE212 /* Products */ = {
			isa = PBXGroup;
			children = (
				15286AAD2148E3A5008AE212 /* GitTest.app */,
				15286AC82148E3A6008AE212 /* GitTestTests.xctest */,
				15286AD32148E3A6008AE212 /* GitTestUITests.xctest */,
			);
			name = Products;
			sourceTree = "<group>";
		};
		15286AAF2148E3A5008AE212 /* GitTest */ = {
			isa = PBXGroup;
			children = (
				15286AB02148E3A5008AE212 /* AppDelegate.h */,
				15286AB12148E3A5008AE212 /* AppDelegate.m */,
				15286AB32148E3A5008AE212 /* ViewController.h */,
				15286AB42148E3A5008AE212 /* ViewController.m */,
				15286AB62148E3A5008AE212 /* Main.storyboard */,
				15286ABC2148E3A6008AE212 /* Assets.xcassets */,
				15286ABE2148E3A6008AE212 /* LaunchScreen.storyboard */,
				15286AC12148E3A6008AE212 /* Info.plist */,
				15286AC22148E3A6008AE212 /* main.m */,
				15286AB92148E3A5008AE212 /* GitTest.xcdatamodeld */,
				15286AE52148E500008AE212 /* testViewController.h */,
				15286AE62148E500008AE212 /* testViewController.m */,
			);
			path = GitTest;
			sourceTree = "<group>";
		};
		15286ACB2148E3A6008AE212 /* GitTestTests */ = {
			isa = PBXGroup;
			children = (
				15286ACC2148E3A6008AE212 /* GitTestTests.m */,
				15286ACE2148E3A6008AE212 /* Info.plist */,
			);
			path = GitTestTests;
			sourceTree = "<group>";
		};
		15286AD62148E3A6008AE212 /* GitTestUITests */ = {
			isa = PBXGroup;
			children = (
				15286AD72148E3A6008AE212 /* GitTestUITests.m */,
				15286AD92148E3A6008AE212 /* Info.plist */,
			);
			path = GitTestUITests;
			sourceTree = "<group>";
		};
		15286AE82148EA48008AE212 /* AES */ = {
			isa = PBXGroup;
			children = (
				15286AE92148EA48008AE212 /* NSString+AES128.m */,
				15286AEA2148EA48008AE212 /* NSData+AES128.h */,
				15286AEB2148EA48008AE212 /* README.md */,
				15286AEC2148EA48008AE212 /* NSString+AES128.h */,
				15286AED2148EA48008AE212 /* NSData+AES128.m */,
			);
			path = AES;
			sourceTree = "<group>";
		};
/* End PBXGroup section */

/* Begin PBXNativeTarget section */
		15286AAC2148E3A5008AE212 /* GitTest */ = {
			isa = PBXNativeTarget;
			buildConfigurationList = 15286ADC2148E3A6008AE212 /* Build configuration list for PBXNativeTarget "GitTest" */;
			buildPhases = (
				15286AA92148E3A5008AE212 /* Sources */,
				15286AAA2148E3A5008AE212 /* Frameworks */,
				15286AAB2148E3A5008AE212 /* Resources */,
			);
			buildRules = (
			);
			dependencies = (
			);
			name = GitTest;
			productName = GitTest;
			productReference = 15286AAD2148E3A5008AE212 /* GitTest.app */;
			productType = "com.apple.product-type.application";
		};
		15286AC72148E3A6008AE212 /* GitTestTests */ = {
			isa = PBXNativeTarget;
			buildConfigurationList = 15286ADF2148E3A6008AE212 /* Build configuration list for PBXNativeTarget "GitTestTests" */;
			buildPhases = (
				15286AC42148E3A6008AE212 /* Sources */,
				15286AC52148E3A6008AE212 /* Frameworks */,
				15286AC62148E3A6008AE212 /* Resources */,
			);
			buildRules = (
			);
			dependencies = (
				15286ACA2148E3A6008AE212 /* PBXTargetDependency */,
			);
			name = GitTestTests;
			productName = GitTestTests;
			productReference = 15286AC82148E3A6008AE212 /* GitTestTests.xctest */;
			productType = "com.apple.product-type.bundle.unit-test";
		};
		15286AD22148E3A6008AE212 /* GitTestUITests */ = {
			isa = PBXNativeTarget;
			buildConfigurationList = 15286AE22148E3A6008AE212 /* Build configuration list for PBXNativeTarget "GitTestUITests" */;
			buildPhases = (
				15286ACF2148E3A6008AE212 /* Sources */,
				15286AD02148E3A6008AE212 /* Frameworks */,
				15286AD12148E3A6008AE212 /* Resources */,
			);
			buildRules = (
			);
			dependencies = (
				15286AD52148E3A6008AE212 /* PBXTargetDependency */,
			);
			name = GitTestUITests;
			productName = GitTestUITests;
			productReference = 15286AD32148E3A6008AE212 /* GitTestUITests.xctest */;
			productType = "com.apple.product-type.bundle.ui-testing";
		};
/* End PBXNativeTarget section */

/* Begin PBXProject section */
		15286AA52148E3A5008AE212 /* Project object */ = {
			isa = PBXProject;
			attributes = {
				LastUpgradeCheck = 0940;
				ORGANIZATIONNAME = "Anviz Golbal Inc.";
				TargetAttributes = {
					15286AAC2148E3A5008AE212 = {
						CreatedOnToolsVersion = 9.4.1;
					};
					15286AC72148E3A6008AE212 = {
						CreatedOnToolsVersion = 9.4.1;
						TestTargetID = 15286AAC2148E3A5008AE212;
					};
					15286AD22148E3A6008AE212 = {
						CreatedOnToolsVersion = 9.4.1;
						TestTargetID = 15286AAC2148E3A5008AE212;
					};
				};
			};
			buildConfigurationList = 15286AA82148E3A5008AE212 /* Build configuration list for PBXProject "GitTest" */;
			compatibilityVersion = "Xcode 9.3";
			developmentRegion = en;
			hasScannedForEncodings = 0;
			knownRegions = (
				en,
				Base,
			);
			mainGroup = 15286AA42148E3A5008AE212;
			productRefGroup = 15286AAE2148E3A5008AE212 /* Products */;
			projectDirPath = "";
			projectRoot = "";
			targets = (
				15286AAC2148E3A5008AE212 /* GitTest */,
				15286AC72148E3A6008AE212 /* GitTestTests */,
				15286AD22148E3A6008AE212 /* GitTestUITests */,
			);
		};
/* End PBXProject section */

/* Begin PBXResourcesBuildPhase section */
		15286AAB2148E3A5008AE212 /* Resources */ = {
			isa = PBXResourcesBuildPhase;
			buildActionMask = 2147483647;
			files = (
				15286AC02148E3A6008AE212 /* LaunchScreen.storyboard in Resources */,
				15286ABD2148E3A6008AE212 /* Assets.xcassets in Resources */,
				15286AEF2148EA48008AE212 /* README.md in Resources */,
				15286AB82148E3A5008AE212 /* Main.storyboard in Resources */,
			);
			runOnlyForDeploymentPostprocessing = 0;
		};
		15286AC62148E3A6008AE212 /* Resources */ = {
			isa = PBXResourcesBuildPhase;
			buildActionMask = 2147483647;
			files = (
			);
			runOnlyForDeploymentPostprocessing = 0;
		};
		15286AD12148E3A6008AE212 /* Resources */ = {
			isa = PBXResourcesBuildPhase;
			buildActionMask = 2147483647;
			files = (
			);
			runOnlyForDeploymentPostprocessing = 0;
		};
/* End PBXResourcesBuildPhase section */

/* Begin PBXSourcesBuildPhase section */
		15286AA92148E3A5008AE212 /* Sources */ = {
			isa = PBXSourcesBuildPhase;
			buildActionMask = 2147483647;
			files = (
				15286ABB2148E3A5008AE212 /* GitTest.xcdatamodeld in Sources */,
				15286AB52148E3A5008AE212 /* ViewController.m in Sources */,
				15286AF02148EA48008AE212 /* NSData+AES128.m in Sources */,
				15286AC32148E3A6008AE212 /* main.m in Sources */,
				15286AEE2148EA48008AE212 /* NSString+AES128.m in Sources */,
				15286AB22148E3A5008AE212 /* AppDelegate.m in Sources */,
				15286AE72148E500008AE212 /* testViewController.m in Sources */,
			);
			runOnlyForDeploymentPostprocessing = 0;
		};
		15286AC42148E3A6008AE212 /* Sources */ = {
			isa = PBXSourcesBuildPhase;
			buildActionMask = 2147483647;
			files = (
				15286ACD2148E3A6008AE212 /* GitTestTests.m in Sources */,
			);
			runOnlyForDeploymentPostprocessing = 0;
		};
		15286ACF2148E3A6008AE212 /* Sources */ = {
			isa = PBXSourcesBuildPhase;
			buildActionMask = 2147483647;
			files = (
				15286AD82148E3A6008AE212 /* GitTestUITests.m in Sources */,
			);
			runOnlyForDeploymentPostprocessing = 0;
		};
/* End PBXSourcesBuildPhase section */

/* Begin PBXTargetDependency section */
		15286ACA2148E3A6008AE212 /* PBXTargetDependency */ = {
			isa = PBXTargetDependency;
			target = 15286AAC2148E3A5008AE212 /* GitTest */;
			targetProxy = 15286AC92148E3A6008AE212 /* PBXContainerItemProxy */;
		};
		15286AD52148E3A6008AE212 /* PBXTargetDependency */ = {
			isa = PBXTargetDependency;
			target = 15286AAC2148E3A5008AE212 /* GitTest */;
			targetProxy = 15286AD42148E3A6008AE212 /* PBXContainerItemProxy */;
		};
/* End PBXTargetDependency section */

/* Begin PBXVariantGroup section */
		15286AB62148E3A5008AE212 /* Main.storyboard */ = {
			isa = PBXVariantGroup;
			children = (
				15286AB72148E3A5008AE212 /* Base */,
			);
			name = Main.storyboard;
			sourceTree = "<group>";
		};
		15286ABE2148E3A6008AE212 /* LaunchScreen.storyboard */ = {
			isa = PBXVariantGroup;
			children = (
				15286ABF2148E3A6008AE212 /* Base */,
			);
			name = LaunchScreen.storyboard;
			sourceTree = "<group>";
		};
/* End PBXVariantGroup section */

/* Begin XCBuildConfiguration section */
		15286ADA2148E3A6008AE212 /* Debug */ = {
			isa = XCBuildConfiguration;
			buildSettings = {
				ALWAYS_SEARCH_USER_PATHS = NO;
				CLANG_ANALYZER_NONNULL = YES;
				CLANG_ANALYZER_NUMBER_OBJECT_CONVERSION = YES_AGGRESSIVE;
				CLANG_CXX_LANGUAGE_STANDARD = "gnu++14";
				CLANG_CXX_LIBRARY = "libc++";
				CLANG_ENABLE_MODULES = YES;
				CLANG_ENABLE_OBJC_ARC = YES;
				CLANG_ENABLE_OBJC_WEAK = YES;
				CLANG_WARN_BLOCK_CAPTURE_AUTORELEASING = YES;
				CLANG_WARN_BOOL_CONVERSION = YES;
				CLANG_WARN_COMMA = YES;
				CLANG_WARN_CONSTANT_CONVERSION = YES;
				CLANG_WARN_DEPRECATED_OBJC_IMPLEMENTATIONS = YES;
				CLANG_WARN_DIRECT_OBJC_ISA_USAGE = YES_ERROR;
				CLANG_WARN_DOCUMENTATION_COMMENTS = YES;
				CLANG_WARN_EMPTY_BODY = YES;
				CLANG_WARN_ENUM_CONVERSION = YES;
				CLANG_WARN_INFINITE_RECURSION = YES;
				CLANG_WARN_INT_CONVERSION = YES;
				CLANG_WARN_NON_LITERAL_NULL_CONVERSION = YES;
				CLANG_WARN_OBJC_IMPLICIT_RETAIN_SELF = YES;
				CLANG_WARN_OBJC_LITERAL_CONVERSION = YES;
				CLANG_WARN_OBJC_ROOT_CLASS = YES_ERROR;
				CLANG_WARN_RANGE_LOOP_ANALYSIS = YES;
				CLANG_WARN_STRICT_PROTOTYPES = YES;
				CLANG_WARN_SUSPICIOUS_MOVE = YES;
				CLANG_WARN_UNGUARDED_AVAILABILITY = YES_AGGRESSIVE;
				CLANG_WARN_UNREACHABLE_CODE = YES;
				CLANG_WARN__DUPLICATE_METHOD_MATCH = YES;
				CODE_SIGN_IDENTITY = "iPhone Developer";
				COPY_PHASE_STRIP = NO;
				DEBUG_INFORMATION_FORMAT = dwarf;
				ENABLE_STRICT_OBJC_MSGSEND = YES;
				ENABLE_TESTABILITY = YES;
				GCC_C_LANGUAGE_STANDARD = gnu11;
				GCC_DYNAMIC_NO_PIC = NO;
				GCC_NO_COMMON_BLOCKS = YES;
				GCC_OPTIMIZATION_LEVEL = 0;
				GCC_PREPROCESSOR_DEFINITIONS = (
					"DEBUG=1",
					"$(inherited)",
				);
				GCC_WARN_64_TO_32_BIT_CONVERSION = YES;
				GCC_WARN_ABOUT_RETURN_TYPE = YES_ERROR;
				GCC_WARN_UNDECLARED_SELECTOR = YES;
				GCC_WARN_UNINITIALIZED_AUTOS = YES_AGGRESSIVE;
				GCC_WARN_UNUSED_FUNCTION = YES;
				GCC_WARN_UNUSED_VARIABLE = YES;
				IPHONEOS_DEPLOYMENT_TARGET = 11.4;
				MTL_ENABLE_DEBUG_INFO = YES;
				ONLY_ACTIVE_ARCH = YES;
				SDKROOT = iphoneos;
			};
			name = Debug;
		};
		15286ADB2148E3A6008AE212 /* Release */ = {
			isa = XCBuildConfiguration;
			buildSettings = {
				ALWAYS_SEARCH_USER_PATHS = NO;
				CLANG_ANALYZER_NONNULL = YES;
				CLANG_ANALYZER_NUMBER_OBJECT_CONVERSION = YES_AGGRESSIVE;
				CLANG_CXX_LANGUAGE_STANDARD = "gnu++14";
				CLANG_CXX_LIBRARY = "libc++";
				CLANG_ENABLE_MODULES = YES;
				CLANG_ENABLE_OBJC_ARC = YES;
				CLANG_ENABLE_OBJC_WEAK = YES;
				CLANG_WARN_BLOCK_CAPTURE_AUTORELEASING = YES;
				CLANG_WARN_BOOL_CONVERSION = YES;
				CLANG_WARN_COMMA = YES;
				CLANG_WARN_CONSTANT_CONVERSION = YES;
				CLANG_WARN_DEPRECATED_OBJC_IMPLEMENTATIONS = YES;
				CLANG_WARN_DIRECT_OBJC_ISA_USAGE = YES_ERROR;
				CLANG_WARN_DOCUMENTATION_COMMENTS = YES;
				CLANG_WARN_EMPTY_BODY = YES;
				CLANG_WARN_ENUM_CONVERSION = YES;
				CLANG_WARN_INFINITE_RECURSION = YES;
				CLANG_WARN_INT_CONVERSION = YES;
				CLANG_WARN_NON_LITERAL_NULL_CONVERSION = YES;
				CLANG_WARN_OBJC_IMPLICIT_RETAIN_SELF = YES;
				CLANG_WARN_OBJC_LITERAL_CONVERSION = YES;
				CLANG_WARN_OBJC_ROOT_CLASS = YES_ERROR;
				CLANG_WARN_RANGE_LOOP_ANALYSIS = YES;
				CLANG_WARN_STRICT_PROTOTYPES = YES;
				CLANG_WARN_SUSPICIOUS_MOVE = YES;
				CLANG_WARN_UNGUARDED_AVAILABILITY = YES_AGGRESSIVE;
				CLANG_WARN_UNREACHABLE_CODE = YES;
				CLANG_WARN__DUPLICATE_METHOD_MATCH = YES;
				CODE_SIGN_IDENTITY = "iPhone Developer";
				COPY_PHASE_STRIP = NO;
				DEBUG_INFORMATION_FORMAT = "dwarf-with-dsym";
				ENABLE_NS_ASSERTIONS = NO;
				ENABLE_STRICT_OBJC_MSGSEND = YES;
				GCC_C_LANGUAGE_STANDARD = gnu11;
				GCC_NO_COMMON_BLOCKS = YES;
				GCC_WARN_64_TO_32_BIT_CONVERSION = YES;
				GCC_WARN_ABOUT_RETURN_TYPE = YES_ERROR;
				GCC_WARN_UNDECLARED_SELECTOR = YES;
				GCC_WARN_UNINITIALIZED_AUTOS = YES_AGGRESSIVE;
				GCC_WARN_UNUSED_FUNCTION = YES;
				GCC_WARN_UNUSED_VARIABLE = YES;
				IPHONEOS_DEPLOYMENT_TARGET = 11.4;
				MTL_ENABLE_DEBUG_INFO = NO;
				SDKROOT = iphoneos;
				VALIDATE_PRODUCT = YES;
			};
			name = Release;
		};
		15286ADD2148E3A6008AE212 /* Debug */ = {
			isa = XCBuildConfiguration;
			buildSettings = {
				ASSETCATALOG_COMPILER_APPICON_NAME = AppIcon;
				CODE_SIGN_STYLE = Automatic;
				DEVELOPMENT_TEAM = E2R9X4F3GH;
				INFOPLIST_FILE = GitTest/Info.plist;
				LD_RUNPATH_SEARCH_PATHS = (
					"$(inherited)",
					"@executable_path/Frameworks",
				);
				PRODUCT_BUNDLE_IDENTIFIER = com.Anviz.GitTest;
				PRODUCT_NAME = "$(TARGET_NAME)";
				TARGETED_DEVICE_FAMILY = "1,2";
			};
			name = Debug;
		};
		15286ADE2148E3A6008AE212 /* Release */ = {
			isa = XCBuildConfiguration;
			buildSettings = {
				ASSETCATALOG_COMPILER_APPICON_NAME = AppIcon;
				CODE_SIGN_STYLE = Automatic;
				DEVELOPMENT_TEAM = E2R9X4F3GH;
				INFOPLIST_FILE = GitTest/Info.plist;
				LD_RUNPATH_SEARCH_PATHS = (
					"$(inherited)",
					"@executable_path/Frameworks",
				);
				PRODUCT_BUNDLE_IDENTIFIER = com.Anviz.GitTest;
				PRODUCT_NAME = "$(TARGET_NAME)";
				TARGETED_DEVICE_FAMILY = "1,2";
			};
			name = Release;
		};
		15286AE02148E3A6008AE212 /* Debug */ = {
			isa = XCBuildConfiguration;
			buildSettings = {
				BUNDLE_LOADER = "$(TEST_HOST)";
				CODE_SIGN_STYLE = Automatic;
				DEVELOPMENT_TEAM = E2R9X4F3GH;
				INFOPLIST_FILE = GitTestTests/Info.plist;
				LD_RUNPATH_SEARCH_PATHS = (
					"$(inherited)",
					"@executable_path/Frameworks",
					"@loader_path/Frameworks",
				);
				PRODUCT_BUNDLE_IDENTIFIER = com.Anviz.GitTestTests;
				PRODUCT_NAME = "$(TARGET_NAME)";
				TARGETED_DEVICE_FAMILY = "1,2";
				TEST_HOST = "$(BUILT_PRODUCTS_DIR)/GitTest.app/GitTest";
			};
			name = Debug;
		};
		15286AE12148E3A6008AE212 /* Release */ = {
			isa = XCBuildConfiguration;
			buildSettings = {
				BUNDLE_LOADER = "$(TEST_HOST)";
				CODE_SIGN_STYLE = Automatic;
				DEVELOPMENT_TEAM = E2R9X4F3GH;
				INFOPLIST_FILE = GitTestTests/Info.plist;
				LD_RUNPATH_SEARCH_PATHS = (
					"$(inherited)",
					"@executable_path/Frameworks",
					"@loader_path/Frameworks",
				);
				PRODUCT_BUNDLE_IDENTIFIER = com.Anviz.GitTestTests;
				PRODUCT_NAME = "$(TARGET_NAME)";
				TARGETED_DEVICE_FAMILY = "1,2";
				TEST_HOST = "$(BUILT_PRODUCTS_DIR)/GitTest.app/GitTest";
			};
			name = Release;
		};
		15286AE32148E3A6008AE212 /* Debug */ = {
			isa = XCBuildConfiguration;
			buildSettings = {
				CODE_SIGN_STYLE = Automatic;
				DEVELOPMENT_TEAM = E2R9X4F3GH;
				INFOPLIST_FILE = GitTestUITests/Info.plist;
				LD_RUNPATH_SEARCH_PATHS = (
					"$(inherited)",
					"@executable_path/Frameworks",
					"@loader_path/Frameworks",
				);
				PRODUCT_BUNDLE_IDENTIFIER = com.Anviz.GitTestUITests;
				PRODUCT_NAME = "$(TARGET_NAME)";
				TARGETED_DEVICE_FAMILY = "1,2";
				TEST_TARGET_NAME = GitTest;
			};
			name = Debug;
		};
		15286AE42148E3A6008AE212 /* Release */ = {
			isa = XCBuildConfiguration;
			buildSettings = {
				CODE_SIGN_STYLE = Automatic;
				DEVELOPMENT_TEAM = E2R9X4F3GH;
				INFOPLIST_FILE = GitTestUITests/Info.plist;
				LD_RUNPATH_SEARCH_PATHS = (
					"$(inherited)",
					"@executable_path/Frameworks",
					"@loader_path/Frameworks",
				);
				PRODUCT_BUNDLE_IDENTIFIER = com.Anviz.GitTestUITests;
				PRODUCT_NAME = "$(TARGET_NAME)";
				TARGETED_DEVICE_FAMILY = "1,2";
				TEST_TARGET_NAME = GitTest;
			};
			name = Release;
		};
/* End XCBuildConfiguration section */

/* Begin XCConfigurationList section */
		15286AA82148E3A5008AE212 /* Build configuration list for PBXProject "GitTest" */ = {
			isa = XCConfigurationList;
			buildConfigurations = (
				15286ADA2148E3A6008AE212 /* Debug */,
				15286ADB2148E3A6008AE212 /* Release */,
			);
			defaultConfigurationIsVisible = 0;
			defaultConfigurationName = Release;
		};
		15286ADC2148E3A6008AE212 /* Build configuration list for PBXNativeTarget "GitTest" */ = {
			isa = XCConfigurationList;
			buildConfigurations = (
				15286ADD2148E3A6008AE212 /* Debug */,
				15286ADE2148E3A6008AE212 /* Release */,
			);
			defaultConfigurationIsVisible = 0;
			defaultConfigurationName = Release;
		};
		15286ADF2148E3A6008AE212 /* Build configuration list for PBXNativeTarget "GitTestTests" */ = {
			isa = XCConfigurationList;
			buildConfigurations = (
				15286AE02148E3A6008AE212 /* Debug */,
				15286AE12148E3A6008AE212 /* Release */,
			);
			defaultConfigurationIsVisible = 0;
			defaultConfigurationName = Release;
		};
		15286AE22148E3A6008AE212 /* Build configuration list for PBXNativeTarget "GitTestUITests" */ = {
			isa = XCConfigurationList;
			buildConfigurations = (
				15286AE32148E3A6008AE212 /* Debug */,
				15286AE42148E3A6008AE212 /* Release */,
			);
			defaultConfigurationIsVisible = 0;
			defaultConfigurationName = Release;
		};
/* End XCConfigurationList section */

/* Begin XCVersionGroup section */
		15286AB92148E3A5008AE212 /* GitTest.xcdatamodeld */ = {
			isa = XCVersionGroup;
			children = (
				15286ABA2148E3A5008AE212 /* GitTest.xcdatamodel */,
			);
			currentVersion = 15286ABA2148E3A5008AE212 /* GitTest.xcdatamodel */;
			path = GitTest.xcdatamodeld;
			sourceTree = "<group>";
			versionGroupType = wrapper.xcdatamodel;
		};
/* End XCVersionGroup section */
	};
	rootObject = 15286AA52148E3A5008AE212 /* Project object */;
}
